
Microsoft Visual Studio Solution File, Format Version 12.00
# Visual Studio 15
VisualStudioVersion = 15.0.28010.2046
MinimumVisualStudioVersion = 10.0.40219.1
Project("{FAE04EC0-301F-11D3-BF4B-00C04F79EFBC}") = "iRestore", "iRestore\iRestore.csproj", "{FD305B88-BEEF-49E9-A020-8F1FECDF5EC9}"
EndProject
Global
	GlobalSection(SolutionConfigurationPlatforms) = preSolution
		Debug|Any CPU = Debug|Any CPU
		Release|Any CPU = Release|Any CPU
	EndGlobalSection
	GlobalSection(ProjectConfigurationPlatforms) = postSolution
		{FD305B88-BEEF-49E9-A020-8F1FECDF5EC9}.Debug|Any CPU.ActiveCfg = Debug|Any CPU
		{FD305B88-BEEF-49E9-A020-8F1FECDF5EC9}.Debug|Any CPU.Build.0 = Debug|Any CPU
		{FD305B88-BEEF-49E9-A020-8F1FECDF5EC9}.Release|Any CPU.ActiveCfg = Release|Any CPU
		{FD305B88-BEEF-49E9-A020-8F1FECDF5EC9}.Release|Any CPU.Build.0 = Release|Any CPU
	EndGlobalSection
	GlobalSection(SolutionProperties) = preSolution
		HideSolutionNode = FALSE
	EndGlobalSection
	GlobalSection(ExtensibilityGlobals) = postSolution
		SolutionGuid = {D8516714-A05A-474C-B1FB-1FF1F0B316CC}
	EndGlobalSection
EndGlobal
